github.com/neovim/go-client v1.2.1 h1:kl3PgYgbnBfvaIoGYi3ojyXH0ouY6dJY/rYUCssZKqI=
github.com/neovim/go-client v1.2.1/go.mod h1:EeqCP3z1vJd70JTaH/KXz9RMZ/nIgEFveX83hYnh/7c=
github.com/neovim/go-client v1.2.2-0.20250329112048-7088209f9f86 h1:a3ozvfPSgjYeRZTiohPbd6GJ+CXDq5eePZ69x7qbsrs=
github.com/neovim/go-client v1.2.2-0.20250329112048-7088209f9f86/go.mod h1:UBsOERb5epbeQT0nyPTZkmUPTffRYBcHvrXXidr1NQQ=
